<Solution>
  <Project Path="../ContactsBusinessLayer/ContactsBusinessLayer.csproj" Id="5b199bf0-c681-4c84-a3a8-debb45b5526f" />
  <Project Path="../ContactsDataAccessLayer/ContactsDataAccessLayer.csproj" Id="1aba3fea-3b75-41fa-83f7-622e1208ca48" />
  <Project Path="ContactsConsoleApp.csproj" />
</Solution>
